
Microsoft Visual Studio Solution File, Format Version 12.00
# Visual Studio 15
VisualStudioVersion = 15.0.27703.2047
MinimumVisualStudioVersion = 10.0.40219.1
Project("{8BC9CEB8-8B4A-11D0-8D11-00A0C91BC942}") = "1-HelloAIE", "1-HelloAIE\1-HelloAIE.vcxproj", "{6EE97DE2-9037-45FE-998A-1FE76A719974}"
EndProject
Project("{8BC9CEB8-8B4A-11D0-8D11-00A0C91BC942}") = "2-Variables", "2-Variables\2-Variables.vcxproj", "{069C4E4F-C461-4375-82F6-DD3B79ECB937}"
EndProject
Project("{8BC9CEB8-8B4A-11D0-8D11-00A0C91BC942}") = "3-Loop", "3-Loop\3-Loop.vcxproj", "{408C52D6-699D-4A94-8460-F30FB7846797}"
EndProject
Project("{8BC9CEB8-8B4A-11D0-8D11-00A0C91BC942}") = "4-Conditionals", "4-Conditionals\4-Conditionals.vcxproj", "{F5220174-67EC-4F06-90B1-974DFEEF4E36}"
EndProject
Project("{8BC9CEB8-8B4A-11D0-8D11-00A0C91BC942}") = "5-Functions", "5-Functions\5-Functions.vcxproj", "{2DC1F7A6-3B4C-45B7-9A34-52AF07EE8AAF}"
EndProject
Project("{8BC9CEB8-8B4A-11D0-8D11-00A0C91BC942}") = "6-Arrays", "6-Arrays\6-Arrays.vcxproj", "{EFC40F89-3E57-460F-A1A5-38734A247703}"
EndProject
Project("{8BC9CEB8-8B4A-11D0-8D11-00A0C91BC942}") = "7-Structures", "7-Structures\7-Structures.vcxproj", "{9411D74E-8111-45B1-ABB7-BE666B156F0B}"
EndProject
Project("{8BC9CEB8-8B4A-11D0-8D11-00A0C91BC942}") = "Review-1", "Review-1\Review-1.vcxproj", "{1439677E-B634-4FB3-AFB4-18DA09444B88}"
EndProject
Global
	GlobalSection(SolutionConfigurationPlatforms) = preSolution
		Debug|x64 = Debug|x64
		Debug|x86 = Debug|x86
		Release|x64 = Release|x64
		Release|x86 = Release|x86
	EndGlobalSection
	GlobalSection(ProjectConfigurationPlatforms) = postSolution
		{6EE97DE2-9037-45FE-998A-1FE76A719974}.Debug|x64.ActiveCfg = Debug|x64
		{6EE97DE2-9037-45FE-998A-1FE76A719974}.Debug|x64.Build.0 = Debug|x64
		{6EE97DE2-9037-45FE-998A-1FE76A719974}.Debug|x86.ActiveCfg = Debug|Win32
		{6EE97DE2-9037-45FE-998A-1FE76A719974}.Debug|x86.Build.0 = Debug|Win32
		{6EE97DE2-9037-45FE-998A-1FE76A719974}.Release|x64.ActiveCfg = Release|x64
		{6EE97DE2-9037-45FE-998A-1FE76A719974}.Release|x64.Build.0 = Release|x64
		{6EE97DE2-9037-45FE-998A-1FE76A719974}.Release|x86.ActiveCfg = Release|Win32
		{6EE97DE2-9037-45FE-998A-1FE76A719974}.Release|x86.Build.0 = Release|Win32
		{069C4E4F-C461-4375-82F6-DD3B79ECB937}.Debug|x64.ActiveCfg = Debug|x64
		{069C4E4F-C461-4375-82F6-DD3B79ECB937}.Debug|x64.Build.0 = Debug|x64
		{069C4E4F-C461-4375-82F6-DD3B79ECB937}.Debug|x86.ActiveCfg = Debug|Win32
		{069C4E4F-C461-4375-82F6-DD3B79ECB937}.Debug|x86.Build.0 = Debug|Win32
		{069C4E4F-C461-4375-82F6-DD3B79ECB937}.Release|x64.ActiveCfg = Release|x64
		{069C4E4F-C461-4375-82F6-DD3B79ECB937}.Release|x64.Build.0 = Release|x64
		{069C4E4F-C461-4375-82F6-DD3B79ECB937}.Release|x86.ActiveCfg = Release|Win32
		{069C4E4F-C461-4375-82F6-DD3B79ECB937}.Release|x86.Build.0 = Release|Win32
		{408C52D6-699D-4A94-8460-F30FB7846797}.Debug|x64.ActiveCfg = Debug|x64
		{408C52D6-699D-4A94-8460-F30FB7846797}.Debug|x64.Build.0 = Debug|x64
		{408C52D6-699D-4A94-8460-F30FB7846797}.Debug|x86.ActiveCfg = Debug|Win32
		{408C52D6-699D-4A94-8460-F30FB7846797}.Debug|x86.Build.0 = Debug|Win32
		{408C52D6-699D-4A94-8460-F30FB7846797}.Release|x64.ActiveCfg = Release|x64
		{408C52D6-699D-4A94-8460-F30FB7846797}.Release|x64.Build.0 = Release|x64
		{408C52D6-699D-4A94-8460-F30FB7846797}.Release|x86.ActiveCfg = Release|Win32
		{408C52D6-699D-4A94-8460-F30FB7846797}.Release|x86.Build.0 = Release|Win32
		{F5220174-67EC-4F06-90B1-974DFEEF4E36}.Debug|x64.ActiveCfg = Debug|x64
		{F5220174-67EC-4F06-90B1-974DFEEF4E36}.Debug|x64.Build.0 = Debug|x64
		{F5220174-67EC-4F06-90B1-974DFEEF4E36}.Debug|x86.ActiveCfg = Debug|Win32
		{F5220174-67EC-4F06-90B1-974DFEEF4E36}.Debug|x86.Build.0 = Debug|Win32
		{F5220174-67EC-4F06-90B1-974DFEEF4E36}.Release|x64.ActiveCfg = Release|x64
		{F5220174-67EC-4F06-90B1-974DFEEF4E36}.Release|x64.Build.0 = Release|x64
		{F5220174-67EC-4F06-90B1-974DFEEF4E36}.Release|x86.ActiveCfg = Release|Win32
		{F5220174-67EC-4F06-90B1-974DFEEF4E36}.Release|x86.Build.0 = Release|Win32
		{2DC1F7A6-3B4C-45B7-9A34-52AF07EE8AAF}.Debug|x64.ActiveCfg = Debug|x64
		{2DC1F7A6-3B4C-45B7-9A34-52AF07EE8AAF}.Debug|x64.Build.0 = Debug|x64
		{2DC1F7A6-3B4C-45B7-9A34-52AF07EE8AAF}.Debug|x86.ActiveCfg = Debug|Win32
		{2DC1F7A6-3B4C-45B7-9A34-52AF07EE8AAF}.Debug|x86.Build.0 = Debug|Win32
		{2DC1F7A6-3B4C-45B7-9A34-52AF07EE8AAF}.Release|x64.ActiveCfg = Release|x64
		{2DC1F7A6-3B4C-45B7-9A34-52AF07EE8AAF}.Release|x64.Build.0 = Release|x64
		{2DC1F7A6-3B4C-45B7-9A34-52AF07EE8AAF}.Release|x86.ActiveCfg = Release|Win32
		{2DC1F7A6-3B4C-45B7-9A34-52AF07EE8AAF}.Release|x86.Build.0 = Release|Win32
		{EFC40F89-3E57-460F-A1A5-38734A247703}.Debug|x64.ActiveCfg = Debug|x64
		{EFC40F89-3E57-460F-A1A5-38734A247703}.Debug|x64.Build.0 = Debug|x64
		{EFC40F89-3E57-460F-A1A5-38734A247703}.Debug|x86.ActiveCfg = Debug|Win32
		{EFC40F89-3E57-460F-A1A5-38734A247703}.Debug|x86.Build.0 = Debug|Win32
		{EFC40F89-3E57-460F-A1A5-38734A247703}.Release|x64.ActiveCfg = Release|x64
		{EFC40F89-3E57-460F-A1A5-38734A247703}.Release|x64.Build.0 = Release|x64
		{EFC40F89-3E57-460F-A1A5-38734A247703}.Release|x86.ActiveCfg = Release|Win32
		{EFC40F89-3E57-460F-A1A5-38734A247703}.Release|x86.Build.0 = Release|Win32
		{9411D74E-8111-45B1-ABB7-BE666B156F0B}.Debug|x64.ActiveCfg = Debug|x64
		{9411D74E-8111-45B1-ABB7-BE666B156F0B}.Debug|x64.Build.0 = Debug|x64
		{9411D74E-8111-45B1-ABB7-BE666B156F0B}.Debug|x86.ActiveCfg = Debug|Win32
		{9411D74E-8111-45B1-ABB7-BE666B156F0B}.Debug|x86.Build.0 = Debug|Win32
		{9411D74E-8111-45B1-ABB7-BE666B156F0B}.Release|x64.ActiveCfg = Release|x64
		{9411D74E-8111-45B1-ABB7-BE666B156F0B}.Release|x64.Build.0 = Release|x64
		{9411D74E-8111-45B1-ABB7-BE666B156F0B}.Release|x86.ActiveCfg = Release|Win32
		{9411D74E-8111-45B1-ABB7-BE666B156F0B}.Release|x86.Build.0 = Release|Win32
		{1439677E-B634-4FB3-AFB4-18DA09444B88}.Debug|x64.ActiveCfg = Debug|x64
		{1439677E-B634-4FB3-AFB4-18DA09444B88}.Debug|x64.Build.0 = Debug|x64
		{1439677E-B634-4FB3-AFB4-18DA09444B88}.Debug|x86.ActiveCfg = Debug|Win32
		{1439677E-B634-4FB3-AFB4-18DA09444B88}.Debug|x86.Build.0 = Debug|Win32
		{1439677E-B634-4FB3-AFB4-18DA09444B88}.Release|x64.ActiveCfg = Release|x64
		{1439677E-B634-4FB3-AFB4-18DA09444B88}.Release|x64.Build.0 = Release|x64
		{1439677E-B634-4FB3-AFB4-18DA09444B88}.Release|x86.ActiveCfg = Release|Win32
		{1439677E-B634-4FB3-AFB4-18DA09444B88}.Release|x86.Build.0 = Release|Win32
	EndGlobalSection
	GlobalSection(SolutionProperties) = preSolution
		HideSolutionNode = FALSE
	EndGlobalSection
	GlobalSection(ExtensibilityGlobals) = postSolution
		SolutionGuid = {1E73A7A7-8C12-49DC-B05D-E003D90DEF5E}
	EndGlobalSection
EndGlobal
