
Microsoft Visual Studio Solution File, Format Version 12.00
# Visual Studio 15
VisualStudioVersion = 15.0.27703.2047
MinimumVisualStudioVersion = 10.0.40219.1
Project("{8BC9CEB8-8B4A-11D0-8D11-00A0C91BC942}") = "1-HelloAIE", "1-HelloAIE\1-HelloAIE.vcxproj", "{6EE97DE2-9037-45FE-998A-1FE76A719974}"
EndProject
Project("{8BC9CEB8-8B4A-11D0-8D11-00A0C91BC942}") = "2-Variables", "2-Variables\2-Variables.vcxproj", "{069C4E4F-C461-4375-82F6-DD3B79ECB937}"
EndProject
Project("{8BC9CEB8-8B4A-11D0-8D11-00A0C91BC942}") = "3-Loop", "3-Loop\3-Loop.vcxproj", "{408C52D6-699D-4A94-8460-F30FB7846797}"
EndProject
Project("{8BC9CEB8-8B4A-11D0-8D11-00A0C91BC942}") = "4-Conditionals", "4-Conditionals\4-Conditionals.vcxproj", "{F5220174-67EC-4F06-90B1-974DFEEF4E36}"
EndProject
Project("{8BC9CEB8-8B4A-11D0-8D11-00A0C91BC942}") = "5-Functions", "5-Functions\5-Functions.vcxproj", "{2DC1F7A6-3B4C-45B7-9A34-52AF07EE8AAF}"
EndProject
Project("{8BC9CEB8-8B4A-11D0-8D11-00A0C91BC942}") = "6-Arrays", "6-Arrays\6-Arrays.vcxproj", "{EFC40F89-3E57-460F-A1A5-38734A247703}"
EndProject
Project("{8BC9CEB8-8B4A-11D0-8D11-00A0C91BC942}") = "7-Structures", "7-Structures\7-Structures.vcxproj", "{9411D74E-8111-45B1-ABB7-BE666B156F0B}"
EndProject
Project("{8BC9CEB8-8B4A-11D0-8D11-00A0C91BC942}") = "Review-1", "Review-1\Review-1.vcxproj", "{1439677E-B634-4FB3-AFB4-18DA09444B88}"
EndProject
Project("{8BC9CEB8-8B4A-11D0-8D11-00A0C91BC942}") = "8-Pointers", "8-Pointers\8-Pointers.vcxproj", "{AF7B8878-0481-4AC9-86F4-6A237F81AE0F}"
EndProject
Project("{8BC9CEB8-8B4A-11D0-8D11-00A0C91BC942}") = "9-DynamicAllocation", "9-DynamicAllocation\9-DynamicAllocation.vcxproj", "{9A1472A5-59DC-46C7-BE13-D09FB936FACB}"
EndProject
Project("{8BC9CEB8-8B4A-11D0-8D11-00A0C91BC942}") = "10-Classes", "10-Classes\10-Classes.vcxproj", "{8E0A63AF-6A89-49A2-8FEE-1576317F149F}"
EndProject
Project("{8BC9CEB8-8B4A-11D0-8D11-00A0C91BC942}") = "11-References", "11-References\11-References.vcxproj", "{47A79759-52B9-4845-9B09-6BD0E785E413}"
EndProject
Project("{8BC9CEB8-8B4A-11D0-8D11-00A0C91BC942}") = "12-CStrings", "12-CStrings\12-CStrings.vcxproj", "{CAB29D5B-4788-4D5E-A127-05E9A23F3342}"
EndProject
Project("{8BC9CEB8-8B4A-11D0-8D11-00A0C91BC942}") = "13-STLstring", "13-STLstring\13-STLstring.vcxproj", "{A14E24E0-4299-4DFA-B920-EA703066E1E7}"
EndProject
Project("{8BC9CEB8-8B4A-11D0-8D11-00A0C91BC942}") = "Review-2", "review-2\review-2.vcxproj", "{751483AC-8362-45D1-87CB-8699317FCDF2}"
EndProject
Project("{8BC9CEB8-8B4A-11D0-8D11-00A0C91BC942}") = "14-TextFiles", "14-TextFiles\14-TextFiles.vcxproj", "{77764761-091F-4ACB-97AD-3EC6FBFCF48A}"
EndProject
Project("{8BC9CEB8-8B4A-11D0-8D11-00A0C91BC942}") = "15-BinaryFiles", "15-BinaryFiles\15-BinaryFiles.vcxproj", "{EBE0EE2E-89A2-451A-9C2F-EE2057F29BEB}"
EndProject
Project("{8BC9CEB8-8B4A-11D0-8D11-00A0C91BC942}") = "16-ConstructorsNDestructors", "ConstructorsNDestructors\ConstructorsNDestructors.vcxproj", "{2C8C98A0-89EC-43D6-9E37-6BF60F8D18FE}"
EndProject
Global
	GlobalSection(SolutionConfigurationPlatforms) = preSolution
		Debug|x64 = Debug|x64
		Debug|x86 = Debug|x86
		Release|x64 = Release|x64
		Release|x86 = Release|x86
	EndGlobalSection
	GlobalSection(ProjectConfigurationPlatforms) = postSolution
		{6EE97DE2-9037-45FE-998A-1FE76A719974}.Debug|x64.ActiveCfg = Debug|x64
		{6EE97DE2-9037-45FE-998A-1FE76A719974}.Debug|x64.Build.0 = Debug|x64
		{6EE97DE2-9037-45FE-998A-1FE76A719974}.Debug|x86.ActiveCfg = Debug|Win32
		{6EE97DE2-9037-45FE-998A-1FE76A719974}.Debug|x86.Build.0 = Debug|Win32
		{6EE97DE2-9037-45FE-998A-1FE76A719974}.Release|x64.ActiveCfg = Release|x64
		{6EE97DE2-9037-45FE-998A-1FE76A719974}.Release|x64.Build.0 = Release|x64
		{6EE97DE2-9037-45FE-998A-1FE76A719974}.Release|x86.ActiveCfg = Release|Win32
		{6EE97DE2-9037-45FE-998A-1FE76A719974}.Release|x86.Build.0 = Release|Win32
		{069C4E4F-C461-4375-82F6-DD3B79ECB937}.Debug|x64.ActiveCfg = Debug|x64
		{069C4E4F-C461-4375-82F6-DD3B79ECB937}.Debug|x64.Build.0 = Debug|x64
		{069C4E4F-C461-4375-82F6-DD3B79ECB937}.Debug|x86.ActiveCfg = Debug|Win32
		{069C4E4F-C461-4375-82F6-DD3B79ECB937}.Debug|x86.Build.0 = Debug|Win32
		{069C4E4F-C461-4375-82F6-DD3B79ECB937}.Release|x64.ActiveCfg = Release|x64
		{069C4E4F-C461-4375-82F6-DD3B79ECB937}.Release|x64.Build.0 = Release|x64
		{069C4E4F-C461-4375-82F6-DD3B79ECB937}.Release|x86.ActiveCfg = Release|Win32
		{069C4E4F-C461-4375-82F6-DD3B79ECB937}.Release|x86.Build.0 = Release|Win32
		{408C52D6-699D-4A94-8460-F30FB7846797}.Debug|x64.ActiveCfg = Debug|x64
		{408C52D6-699D-4A94-8460-F30FB7846797}.Debug|x64.Build.0 = Debug|x64
		{408C52D6-699D-4A94-8460-F30FB7846797}.Debug|x86.ActiveCfg = Debug|Win32
		{408C52D6-699D-4A94-8460-F30FB7846797}.Debug|x86.Build.0 = Debug|Win32
		{408C52D6-699D-4A94-8460-F30FB7846797}.Release|x64.ActiveCfg = Release|x64
		{408C52D6-699D-4A94-8460-F30FB7846797}.Release|x64.Build.0 = Release|x64
		{408C52D6-699D-4A94-8460-F30FB7846797}.Release|x86.ActiveCfg = Release|Win32
		{408C52D6-699D-4A94-8460-F30FB7846797}.Release|x86.Build.0 = Release|Win32
		{F5220174-67EC-4F06-90B1-974DFEEF4E36}.Debug|x64.ActiveCfg = Debug|x64
		{F5220174-67EC-4F06-90B1-974DFEEF4E36}.Debug|x64.Build.0 = Debug|x64
		{F5220174-67EC-4F06-90B1-974DFEEF4E36}.Debug|x86.ActiveCfg = Debug|Win32
		{F5220174-67EC-4F06-90B1-974DFEEF4E36}.Debug|x86.Build.0 = Debug|Win32
		{F5220174-67EC-4F06-90B1-974DFEEF4E36}.Release|x64.ActiveCfg = Release|x64
		{F5220174-67EC-4F06-90B1-974DFEEF4E36}.Release|x64.Build.0 = Release|x64
		{F5220174-67EC-4F06-90B1-974DFEEF4E36}.Release|x86.ActiveCfg = Release|Win32
		{F5220174-67EC-4F06-90B1-974DFEEF4E36}.Release|x86.Build.0 = Release|Win32
		{2DC1F7A6-3B4C-45B7-9A34-52AF07EE8AAF}.Debug|x64.ActiveCfg = Debug|x64
		{2DC1F7A6-3B4C-45B7-9A34-52AF07EE8AAF}.Debug|x64.Build.0 = Debug|x64
		{2DC1F7A6-3B4C-45B7-9A34-52AF07EE8AAF}.Debug|x86.ActiveCfg = Debug|Win32
		{2DC1F7A6-3B4C-45B7-9A34-52AF07EE8AAF}.Debug|x86.Build.0 = Debug|Win32
		{2DC1F7A6-3B4C-45B7-9A34-52AF07EE8AAF}.Release|x64.ActiveCfg = Release|x64
		{2DC1F7A6-3B4C-45B7-9A34-52AF07EE8AAF}.Release|x64.Build.0 = Release|x64
		{2DC1F7A6-3B4C-45B7-9A34-52AF07EE8AAF}.Release|x86.ActiveCfg = Release|Win32
		{2DC1F7A6-3B4C-45B7-9A34-52AF07EE8AAF}.Release|x86.Build.0 = Release|Win32
		{EFC40F89-3E57-460F-A1A5-38734A247703}.Debug|x64.ActiveCfg = Debug|x64
		{EFC40F89-3E57-460F-A1A5-38734A247703}.Debug|x64.Build.0 = Debug|x64
		{EFC40F89-3E57-460F-A1A5-38734A247703}.Debug|x86.ActiveCfg = Debug|Win32
		{EFC40F89-3E57-460F-A1A5-38734A247703}.Debug|x86.Build.0 = Debug|Win32
		{EFC40F89-3E57-460F-A1A5-38734A247703}.Release|x64.ActiveCfg = Release|x64
		{EFC40F89-3E57-460F-A1A5-38734A247703}.Release|x64.Build.0 = Release|x64
		{EFC40F89-3E57-460F-A1A5-38734A247703}.Release|x86.ActiveCfg = Release|Win32
		{EFC40F89-3E57-460F-A1A5-38734A247703}.Release|x86.Build.0 = Release|Win32
		{9411D74E-8111-45B1-ABB7-BE666B156F0B}.Debug|x64.ActiveCfg = Debug|x64
		{9411D74E-8111-45B1-ABB7-BE666B156F0B}.Debug|x64.Build.0 = Debug|x64
		{9411D74E-8111-45B1-ABB7-BE666B156F0B}.Debug|x86.ActiveCfg = Debug|Win32
		{9411D74E-8111-45B1-ABB7-BE666B156F0B}.Debug|x86.Build.0 = Debug|Win32
		{9411D74E-8111-45B1-ABB7-BE666B156F0B}.Release|x64.ActiveCfg = Release|x64
		{9411D74E-8111-45B1-ABB7-BE666B156F0B}.Release|x64.Build.0 = Release|x64
		{9411D74E-8111-45B1-ABB7-BE666B156F0B}.Release|x86.ActiveCfg = Release|Win32
		{9411D74E-8111-45B1-ABB7-BE666B156F0B}.Release|x86.Build.0 = Release|Win32
		{1439677E-B634-4FB3-AFB4-18DA09444B88}.Debug|x64.ActiveCfg = Debug|x64
		{1439677E-B634-4FB3-AFB4-18DA09444B88}.Debug|x64.Build.0 = Debug|x64
		{1439677E-B634-4FB3-AFB4-18DA09444B88}.Debug|x86.ActiveCfg = Debug|Win32
		{1439677E-B634-4FB3-AFB4-18DA09444B88}.Debug|x86.Build.0 = Debug|Win32
		{1439677E-B634-4FB3-AFB4-18DA09444B88}.Release|x64.ActiveCfg = Release|x64
		{1439677E-B634-4FB3-AFB4-18DA09444B88}.Release|x64.Build.0 = Release|x64
		{1439677E-B634-4FB3-AFB4-18DA09444B88}.Release|x86.ActiveCfg = Release|Win32
		{1439677E-B634-4FB3-AFB4-18DA09444B88}.Release|x86.Build.0 = Release|Win32
		{AF7B8878-0481-4AC9-86F4-6A237F81AE0F}.Debug|x64.ActiveCfg = Debug|x64
		{AF7B8878-0481-4AC9-86F4-6A237F81AE0F}.Debug|x64.Build.0 = Debug|x64
		{AF7B8878-0481-4AC9-86F4-6A237F81AE0F}.Debug|x86.ActiveCfg = Debug|Win32
		{AF7B8878-0481-4AC9-86F4-6A237F81AE0F}.Debug|x86.Build.0 = Debug|Win32
		{AF7B8878-0481-4AC9-86F4-6A237F81AE0F}.Release|x64.ActiveCfg = Release|x64
		{AF7B8878-0481-4AC9-86F4-6A237F81AE0F}.Release|x64.Build.0 = Release|x64
		{AF7B8878-0481-4AC9-86F4-6A237F81AE0F}.Release|x86.ActiveCfg = Release|Win32
		{AF7B8878-0481-4AC9-86F4-6A237F81AE0F}.Release|x86.Build.0 = Release|Win32
		{9A1472A5-59DC-46C7-BE13-D09FB936FACB}.Debug|x64.ActiveCfg = Debug|x64
		{9A1472A5-59DC-46C7-BE13-D09FB936FACB}.Debug|x64.Build.0 = Debug|x64
		{9A1472A5-59DC-46C7-BE13-D09FB936FACB}.Debug|x86.ActiveCfg = Debug|Win32
		{9A1472A5-59DC-46C7-BE13-D09FB936FACB}.Debug|x86.Build.0 = Debug|Win32
		{9A1472A5-59DC-46C7-BE13-D09FB936FACB}.Release|x64.ActiveCfg = Release|x64
		{9A1472A5-59DC-46C7-BE13-D09FB936FACB}.Release|x64.Build.0 = Release|x64
		{9A1472A5-59DC-46C7-BE13-D09FB936FACB}.Release|x86.ActiveCfg = Release|Win32
		{9A1472A5-59DC-46C7-BE13-D09FB936FACB}.Release|x86.Build.0 = Release|Win32
		{8E0A63AF-6A89-49A2-8FEE-1576317F149F}.Debug|x64.ActiveCfg = Debug|x64
		{8E0A63AF-6A89-49A2-8FEE-1576317F149F}.Debug|x64.Build.0 = Debug|x64
		{8E0A63AF-6A89-49A2-8FEE-1576317F149F}.Debug|x86.ActiveCfg = Debug|Win32
		{8E0A63AF-6A89-49A2-8FEE-1576317F149F}.Debug|x86.Build.0 = Debug|Win32
		{8E0A63AF-6A89-49A2-8FEE-1576317F149F}.Release|x64.ActiveCfg = Release|x64
		{8E0A63AF-6A89-49A2-8FEE-1576317F149F}.Release|x64.Build.0 = Release|x64
		{8E0A63AF-6A89-49A2-8FEE-1576317F149F}.Release|x86.ActiveCfg = Release|Win32
		{8E0A63AF-6A89-49A2-8FEE-1576317F149F}.Release|x86.Build.0 = Release|Win32
		{47A79759-52B9-4845-9B09-6BD0E785E413}.Debug|x64.ActiveCfg = Debug|x64
		{47A79759-52B9-4845-9B09-6BD0E785E413}.Debug|x64.Build.0 = Debug|x64
		{47A79759-52B9-4845-9B09-6BD0E785E413}.Debug|x86.ActiveCfg = Debug|Win32
		{47A79759-52B9-4845-9B09-6BD0E785E413}.Debug|x86.Build.0 = Debug|Win32
		{47A79759-52B9-4845-9B09-6BD0E785E413}.Release|x64.ActiveCfg = Release|x64
		{47A79759-52B9-4845-9B09-6BD0E785E413}.Release|x64.Build.0 = Release|x64
		{47A79759-52B9-4845-9B09-6BD0E785E413}.Release|x86.ActiveCfg = Release|Win32
		{47A79759-52B9-4845-9B09-6BD0E785E413}.Release|x86.Build.0 = Release|Win32
		{CAB29D5B-4788-4D5E-A127-05E9A23F3342}.Debug|x64.ActiveCfg = Debug|x64
		{CAB29D5B-4788-4D5E-A127-05E9A23F3342}.Debug|x64.Build.0 = Debug|x64
		{CAB29D5B-4788-4D5E-A127-05E9A23F3342}.Debug|x86.ActiveCfg = Debug|Win32
		{CAB29D5B-4788-4D5E-A127-05E9A23F3342}.Debug|x86.Build.0 = Debug|Win32
		{CAB29D5B-4788-4D5E-A127-05E9A23F3342}.Release|x64.ActiveCfg = Release|x64
		{CAB29D5B-4788-4D5E-A127-05E9A23F3342}.Release|x64.Build.0 = Release|x64
		{CAB29D5B-4788-4D5E-A127-05E9A23F3342}.Release|x86.ActiveCfg = Release|Win32
		{CAB29D5B-4788-4D5E-A127-05E9A23F3342}.Release|x86.Build.0 = Release|Win32
		{A14E24E0-4299-4DFA-B920-EA703066E1E7}.Debug|x64.ActiveCfg = Debug|x64
		{A14E24E0-4299-4DFA-B920-EA703066E1E7}.Debug|x64.Build.0 = Debug|x64
		{A14E24E0-4299-4DFA-B920-EA703066E1E7}.Debug|x86.ActiveCfg = Debug|Win32
		{A14E24E0-4299-4DFA-B920-EA703066E1E7}.Debug|x86.Build.0 = Debug|Win32
		{A14E24E0-4299-4DFA-B920-EA703066E1E7}.Release|x64.ActiveCfg = Release|x64
		{A14E24E0-4299-4DFA-B920-EA703066E1E7}.Release|x64.Build.0 = Release|x64
		{A14E24E0-4299-4DFA-B920-EA703066E1E7}.Release|x86.ActiveCfg = Release|Win32
		{A14E24E0-4299-4DFA-B920-EA703066E1E7}.Release|x86.Build.0 = Release|Win32
		{751483AC-8362-45D1-87CB-8699317FCDF2}.Debug|x64.ActiveCfg = Debug|x64
		{751483AC-8362-45D1-87CB-8699317FCDF2}.Debug|x64.Build.0 = Debug|x64
		{751483AC-8362-45D1-87CB-8699317FCDF2}.Debug|x86.ActiveCfg = Debug|Win32
		{751483AC-8362-45D1-87CB-8699317FCDF2}.Debug|x86.Build.0 = Debug|Win32
		{751483AC-8362-45D1-87CB-8699317FCDF2}.Release|x64.ActiveCfg = Release|x64
		{751483AC-8362-45D1-87CB-8699317FCDF2}.Release|x64.Build.0 = Release|x64
		{751483AC-8362-45D1-87CB-8699317FCDF2}.Release|x86.ActiveCfg = Release|Win32
		{751483AC-8362-45D1-87CB-8699317FCDF2}.Release|x86.Build.0 = Release|Win32
		{77764761-091F-4ACB-97AD-3EC6FBFCF48A}.Debug|x64.ActiveCfg = Debug|x64
		{77764761-091F-4ACB-97AD-3EC6FBFCF48A}.Debug|x64.Build.0 = Debug|x64
		{77764761-091F-4ACB-97AD-3EC6FBFCF48A}.Debug|x86.ActiveCfg = Debug|Win32
		{77764761-091F-4ACB-97AD-3EC6FBFCF48A}.Debug|x86.Build.0 = Debug|Win32
		{77764761-091F-4ACB-97AD-3EC6FBFCF48A}.Release|x64.ActiveCfg = Release|x64
		{77764761-091F-4ACB-97AD-3EC6FBFCF48A}.Release|x64.Build.0 = Release|x64
		{77764761-091F-4ACB-97AD-3EC6FBFCF48A}.Release|x86.ActiveCfg = Release|Win32
		{77764761-091F-4ACB-97AD-3EC6FBFCF48A}.Release|x86.Build.0 = Release|Win32
		{EBE0EE2E-89A2-451A-9C2F-EE2057F29BEB}.Debug|x64.ActiveCfg = Debug|x64
		{EBE0EE2E-89A2-451A-9C2F-EE2057F29BEB}.Debug|x64.Build.0 = Debug|x64
		{EBE0EE2E-89A2-451A-9C2F-EE2057F29BEB}.Debug|x86.ActiveCfg = Debug|Win32
		{EBE0EE2E-89A2-451A-9C2F-EE2057F29BEB}.Debug|x86.Build.0 = Debug|Win32
		{EBE0EE2E-89A2-451A-9C2F-EE2057F29BEB}.Release|x64.ActiveCfg = Release|x64
		{EBE0EE2E-89A2-451A-9C2F-EE2057F29BEB}.Release|x64.Build.0 = Release|x64
		{EBE0EE2E-89A2-451A-9C2F-EE2057F29BEB}.Release|x86.ActiveCfg = Release|Win32
		{EBE0EE2E-89A2-451A-9C2F-EE2057F29BEB}.Release|x86.Build.0 = Release|Win32
		{2C8C98A0-89EC-43D6-9E37-6BF60F8D18FE}.Debug|x64.ActiveCfg = Debug|x64
		{2C8C98A0-89EC-43D6-9E37-6BF60F8D18FE}.Debug|x64.Build.0 = Debug|x64
		{2C8C98A0-89EC-43D6-9E37-6BF60F8D18FE}.Debug|x86.ActiveCfg = Debug|Win32
		{2C8C98A0-89EC-43D6-9E37-6BF60F8D18FE}.Debug|x86.Build.0 = Debug|Win32
		{2C8C98A0-89EC-43D6-9E37-6BF60F8D18FE}.Release|x64.ActiveCfg = Release|x64
		{2C8C98A0-89EC-43D6-9E37-6BF60F8D18FE}.Release|x64.Build.0 = Release|x64
		{2C8C98A0-89EC-43D6-9E37-6BF60F8D18FE}.Release|x86.ActiveCfg = Release|Win32
		{2C8C98A0-89EC-43D6-9E37-6BF60F8D18FE}.Release|x86.Build.0 = Release|Win32
	EndGlobalSection
	GlobalSection(SolutionProperties) = preSolution
		HideSolutionNode = FALSE
	EndGlobalSection
	GlobalSection(ExtensibilityGlobals) = postSolution
		SolutionGuid = {1E73A7A7-8C12-49DC-B05D-E003D90DEF5E}
	EndGlobalSection
EndGlobal
